PODS:
  - PhoneNumberKit (3.0.0):
    - PhoneNumberKit/PhoneNumberKitCore (= 3.0.0)
    - PhoneNumberKit/UIKit (= 3.0.0)
  - PhoneNumberKit/PhoneNumberKitCore (3.0.0)
  - PhoneNumberKit/UIKit (3.0.0):
    - PhoneNumberKit/PhoneNumberKitCore

DEPENDENCIES:
  - PhoneNumberKit (~> 3.0)

SPEC REPOS:
  trunk:
    - PhoneNumberKit

SPEC CHECKSUMS:
  PhoneNumberKit: 86019c972ef6904bcad11b46a6b8a91184d51117

PODFILE CHECKSUM: cbd107c59e0234f7eaa414b857f656e134629cfe

COCOAPODS: 1.8.4
